
Microsoft Visual Studio Solution File, Format Version 12.00
# Visual Studio Version 17
VisualStudioVersion = 17.7.34221.43
MinimumVisualStudioVersion = 10.0.40219.1
Project("{FAE04EC0-301F-11D3-BF4B-00C04F79EFBC}") = "StudentManagerPro", "StudentManagerPro.csproj", "{C410DD28-1A3B-45E1-AD4B-B6D7EDC9DEE8}"
EndProject
Project("{FAE04EC0-301F-11D3-BF4B-00C04F79EFBC}") = "DAL", "..\DAL\DAL.csproj", "{B36D9E07-F6FE-41D9-9787-B56792B248DE}"
EndProject
Project("{FAE04EC0-301F-11D3-BF4B-00C04F79EFBC}") = "Models", "..\Models\Models.csproj", "{38DB0929-C116-4FAB-A087-513CF13BF1CF}"
EndProject
Global
	GlobalSection(SolutionConfigurationPlatforms) = preSolution
		Debug|Any CPU = Debug|Any CPU
		Release|Any CPU = Release|Any CPU
	EndGlobalSection
	GlobalSection(ProjectConfigurationPlatforms) = postSolution
		{C410DD28-1A3B-45E1-AD4B-B6D7EDC9DEE8}.Debug|Any CPU.ActiveCfg = Debug|Any CPU
		{C410DD28-1A3B-45E1-AD4B-B6D7EDC9DEE8}.Debug|Any CPU.Build.0 = Debug|Any CPU
		{C410DD28-1A3B-45E1-AD4B-B6D7EDC9DEE8}.Release|Any CPU.ActiveCfg = Release|Any CPU
		{C410DD28-1A3B-45E1-AD4B-B6D7EDC9DEE8}.Release|Any CPU.Build.0 = Release|Any CPU
		{B36D9E07-F6FE-41D9-9787-B56792B248DE}.Debug|Any CPU.ActiveCfg = Debug|Any CPU
		{B36D9E07-F6FE-41D9-9787-B56792B248DE}.Debug|Any CPU.Build.0 = Debug|Any CPU
		{B36D9E07-F6FE-41D9-9787-B56792B248DE}.Release|Any CPU.ActiveCfg = Release|Any CPU
		{B36D9E07-F6FE-41D9-9787-B56792B248DE}.Release|Any CPU.Build.0 = Release|Any CPU
		{38DB0929-C116-4FAB-A087-513CF13BF1CF}.Debug|Any CPU.ActiveCfg = Debug|Any CPU
		{38DB0929-C116-4FAB-A087-513CF13BF1CF}.Debug|Any CPU.Build.0 = Debug|Any CPU
		{38DB0929-C116-4FAB-A087-513CF13BF1CF}.Release|Any CPU.ActiveCfg = Release|Any CPU
		{38DB0929-C116-4FAB-A087-513CF13BF1CF}.Release|Any CPU.Build.0 = Release|Any CPU
	EndGlobalSection
	GlobalSection(SolutionProperties) = preSolution
		HideSolutionNode = FALSE
	EndGlobalSection
	GlobalSection(ExtensibilityGlobals) = postSolution
		SolutionGuid = {6B4047D9-23D1-40B1-8596-7A2199335213}
	EndGlobalSection
EndGlobal
